// !$*UTF8*$!
{
	archiveVersion = 1;
	classes = {
	};
	objectVersion = 50;
	objects = {

/* Begin PBXBuildFile section */
		DCAED57D25AB49AC00F77A3D /* AppDelegate.swift in Sources */ = {isa = PBXBuildFile; fileRef = DCAED57C25AB49AC00F77A3D /* AppDelegate.swift */; };
		DCAED57F25AB49AC00F77A3D /* SceneDelegate.swift in Sources */ = {isa = PBXBuildFile; fileRef = DCAED57E25AB49AC00F77A3D /* SceneDelegate.swift */; };
		DCAED58425AB49AC00F77A3D /* Main.storyboard in Resources */ = {isa = PBXBuildFile; fileRef = DCAED58225AB49AC00F77A3D /* Main.storyboard */; };
		DCAED58625AB49AD00F77A3D /* Assets.xcassets in Resources */ = {isa = PBXBuildFile; fileRef = DCAED58525AB49AD00F77A3D /* Assets.xcassets */; };
		DCAED58925AB49AD00F77A3D /* LaunchScreen.storyboard in Resources */ = {isa = PBXBuildFile; fileRef = DCAED58725AB49AD00F77A3D /* LaunchScreen.storyboard */; };
		DCAED59625AB4FB500F77A3D /* MusicList.swift in Sources */ = {isa = PBXBuildFile; fileRef = DCAED59525AB4FB500F77A3D /* MusicList.swift */; };
		DCAED59B25AB5AFF00F77A3D /* album_placeholder.png in Resources */ = {isa = PBXBuildFile; fileRef = DCAED59A25AB5AFF00F77A3D /* album_placeholder.png */; };
		DCAED59E25AB5B0500F77A3D /* pause_rounded.png in Resources */ = {isa = PBXBuildFile; fileRef = DCAED59D25AB5B0500F77A3D /* pause_rounded.png */; };
		DCAED5A125AB5B0A00F77A3D /* play_rounded.png in Resources */ = {isa = PBXBuildFile; fileRef = DCAED5A025AB5B0A00F77A3D /* play_rounded.png */; };
		DCAED5A425AB5B0E00F77A3D /* skipBackward_icon.png in Resources */ = {isa = PBXBuildFile; fileRef = DCAED5A325AB5B0E00F77A3D /* skipBackward_icon.png */; };
		DCAED5A725AB5B1200F77A3D /* skipForward_icon.png in Resources */ = {isa = PBXBuildFile; fileRef = DCAED5A625AB5B1200F77A3D /* skipForward_icon.png */; };
/* End PBXBuildFile section */

/* Begin PBXFileReference section */
		DCAED57925AB49AC00F77A3D /* MusicAll.app */ = {isa = PBXFileReference; explicitFileType = wrapper.application; includeInIndex = 0; path = MusicAll.app; sourceTree = BUILT_PRODUCTS_DIR; };
		DCAED57C25AB49AC00F77A3D /* AppDelegate.swift */ = {isa = PBXFileReference; lastKnownFileType = sourcecode.swift; path = AppDelegate.swift; sourceTree = "<group>"; };
		DCAED57E25AB49AC00F77A3D /* SceneDelegate.swift */ = {isa = PBXFileReference; lastKnownFileType = sourcecode.swift; path = SceneDelegate.swift; sourceTree = "<group>"; };
		DCAED58325AB49AC00F77A3D /* Base */ = {isa = PBXFileReference; lastKnownFileType = file.storyboard; name = Base; path = Base.lproj/Main.storyboard; sourceTree = "<group>"; };
		DCAED58525AB49AD00F77A3D /* Assets.xcassets */ = {isa = PBXFileReference; lastKnownFileType = folder.assetcatalog; path = Assets.xcassets; sourceTree = "<group>"; };
		DCAED58825AB49AD00F77A3D /* Base */ = {isa = PBXFileReference; lastKnownFileType = file.storyboard; name = Base; path = Base.lproj/LaunchScreen.storyboard; sourceTree = "<group>"; };
		DCAED58A25AB49AD00F77A3D /* Info.plist */ = {isa = PBXFileReference; lastKnownFileType = text.plist.xml; path = Info.plist; sourceTree = "<group>"; };
		DCAED59525AB4FB500F77A3D /* MusicList.swift */ = {isa = PBXFileReference; lastKnownFileType = sourcecode.swift; path = MusicList.swift; sourceTree = "<group>"; };
		DCAED59A25AB5AFF00F77A3D /* album_placeholder.png */ = {isa = PBXFileReference; lastKnownFileType = image.png; path = album_placeholder.png; sourceTree = "<group>"; };
		DCAED59D25AB5B0500F77A3D /* pause_rounded.png */ = {isa = PBXFileReference; lastKnownFileType = image.png; path = pause_rounded.png; sourceTree = "<group>"; };
		DCAED5A025AB5B0A00F77A3D /* play_rounded.png */ = {isa = PBXFileReference; lastKnownFileType = image.png; path = play_rounded.png; sourceTree = "<group>"; };
		DCAED5A325AB5B0E00F77A3D /* skipBackward_icon.png */ = {isa = PBXFileReference; lastKnownFileType = image.png; path = skipBackward_icon.png; sourceTree = "<group>"; };
		DCAED5A625AB5B1200F77A3D /* skipForward_icon.png */ = {isa = PBXFileReference; lastKnownFileType = image.png; path = skipForward_icon.png; sourceTree = "<group>"; };
/* End PBXFileReference section */

/* Begin PBXFrameworksBuildPhase section */
		DCAED57625AB49AC00F77A3D /* Frameworks */ = {
			isa = PBXFrameworksBuildPhase;
			buildActionMask = 2147483647;
			files = (
			);
			runOnlyForDeploymentPostprocessing = 0;
		};
/* End PBXFrameworksBuildPhase section */

/* Begin PBXGroup section */
		DCAED57025AB49AC00F77A3D = {
			isa = PBXGroup;
			children = (
				DCAED57B25AB49AC00F77A3D /* MusicAll */,
				DCAED57A25AB49AC00F77A3D /* Products */,
			);
			sourceTree = "<group>";
		};
		DCAED57A25AB49AC00F77A3D /* Products */ = {
			isa = PBXGroup;
			children = (
				DCAED57925AB49AC00F77A3D /* MusicAll.app */,
			);
			name = Products;
			sourceTree = "<group>";
		};
		DCAED57B25AB49AC00F77A3D /* MusicAll */ = {
			isa = PBXGroup;
			children = (
				DCAED57C25AB49AC00F77A3D /* AppDelegate.swift */,
				DCAED57E25AB49AC00F77A3D /* SceneDelegate.swift */,
				DCAED58225AB49AC00F77A3D /* Main.storyboard */,
				DCAED59325AB4E5400F77A3D /* Music Player */,
				DCAED59225AB4E3F00F77A3D /* Music List */,
				DCAED58525AB49AD00F77A3D /* Assets.xcassets */,
				DCAED58725AB49AD00F77A3D /* LaunchScreen.storyboard */,
				DCAED58A25AB49AD00F77A3D /* Info.plist */,
				DCAED59925AB5ACF00F77A3D /* Images */,
			);
			path = MusicAll;
			sourceTree = "<group>";
		};
		DCAED59225AB4E3F00F77A3D /* Music List */ = {
			isa = PBXGroup;
			children = (
				DCAED59525AB4FB500F77A3D /* MusicList.swift */,
			);
			path = "Music List";
			sourceTree = "<group>";
		};
		DCAED59325AB4E5400F77A3D /* Music Player */ = {
			isa = PBXGroup;
			children = (
			);
			path = "Music Player";
			sourceTree = "<group>";
		};
		DCAED59925AB5ACF00F77A3D /* Images */ = {
			isa = PBXGroup;
			children = (
				DCAED59A25AB5AFF00F77A3D /* album_placeholder.png */,
				DCAED59D25AB5B0500F77A3D /* pause_rounded.png */,
				DCAED5A025AB5B0A00F77A3D /* play_rounded.png */,
				DCAED5A325AB5B0E00F77A3D /* skipBackward_icon.png */,
				DCAED5A625AB5B1200F77A3D /* skipForward_icon.png */,
			);
			path = Images;
			sourceTree = "<group>";
		};
/* End PBXGroup section */

/* Begin PBXNativeTarget section */
		DCAED57825AB49AC00F77A3D /* MusicAll */ = {
			isa = PBXNativeTarget;
			buildConfigurationList = DCAED58D25AB49AD00F77A3D /* Build configuration list for PBXNativeTarget "MusicAll" */;
			buildPhases = (
				DCAED57525AB49AC00F77A3D /* Sources */,
				DCAED57625AB49AC00F77A3D /* Frameworks */,
				DCAED57725AB49AC00F77A3D /* Resources */,
			);
			buildRules = (
			);
			dependencies = (
			);
			name = MusicAll;
			productName = MusicAll;
			productReference = DCAED57925AB49AC00F77A3D /* MusicAll.app */;
			productType = "com.apple.product-type.application";
		};
/* End PBXNativeTarget section */

/* Begin PBXProject section */
		DCAED57125AB49AC00F77A3D /* Project object */ = {
			isa = PBXProject;
			attributes = {
				LastSwiftUpdateCheck = 1220;
				LastUpgradeCheck = 1220;
				TargetAttributes = {
					DCAED57825AB49AC00F77A3D = {
						CreatedOnToolsVersion = 12.2;
					};
				};
			};
			buildConfigurationList = DCAED57425AB49AC00F77A3D /* Build configuration list for PBXProject "MusicAll" */;
			compatibilityVersion = "Xcode 9.3";
			developmentRegion = en;
			hasScannedForEncodings = 0;
			knownRegions = (
				en,
				Base,
			);
			mainGroup = DCAED57025AB49AC00F77A3D;
			productRefGroup = DCAED57A25AB49AC00F77A3D /* Products */;
			projectDirPath = "";
			projectRoot = "";
			targets = (
				DCAED57825AB49AC00F77A3D /* MusicAll */,
			);
		};
/* End PBXProject section */

/* Begin PBXResourcesBuildPhase section */
		DCAED57725AB49AC00F77A3D /* Resources */ = {
			isa = PBXResourcesBuildPhase;
			buildActionMask = 2147483647;
			files = (
				DCAED5A425AB5B0E00F77A3D /* skipBackward_icon.png in Resources */,
				DCAED59E25AB5B0500F77A3D /* pause_rounded.png in Resources */,
				DCAED5A125AB5B0A00F77A3D /* play_rounded.png in Resources */,
				DCAED5A725AB5B1200F77A3D /* skipForward_icon.png in Resources */,
				DCAED58925AB49AD00F77A3D /* LaunchScreen.storyboard in Resources */,
				DCAED58625AB49AD00F77A3D /* Assets.xcassets in Resources */,
				DCAED58425AB49AC00F77A3D /* Main.storyboard in Resources */,
				DCAED59B25AB5AFF00F77A3D /* album_placeholder.png in Resources */,
			);
			runOnlyForDeploymentPostprocessing = 0;
		};
/* End PBXResourcesBuildPhase section */

/* Begin PBXSourcesBuildPhase section */
		DCAED57525AB49AC00F77A3D /* Sources */ = {
			isa = PBXSourcesBuildPhase;
			buildActionMask = 2147483647;
			files = (
				DCAED57D25AB49AC00F77A3D /* AppDelegate.swift in Sources */,
				DCAED57F25AB49AC00F77A3D /* SceneDelegate.swift in Sources */,
				DCAED59625AB4FB500F77A3D /* MusicList.swift in Sources */,
			);
			runOnlyForDeploymentPostprocessing = 0;
		};
/* End PBXSourcesBuildPhase section */

/* Begin PBXVariantGroup section */
		DCAED58225AB49AC00F77A3D /* Main.storyboard */ = {
			isa = PBXVariantGroup;
			children = (
				DCAED58325AB49AC00F77A3D /* Base */,
			);
			name = Main.storyboard;
			sourceTree = "<group>";
		};
		DCAED58725AB49AD00F77A3D /* LaunchScreen.storyboard */ = {
			isa = PBXVariantGroup;
			children = (
				DCAED58825AB49AD00F77A3D /* Base */,
			);
			name = LaunchScreen.storyboard;
			sourceTree = "<group>";
		};
/* End PBXVariantGroup section */

/* Begin XCBuildConfiguration section */
		DCAED58B25AB49AD00F77A3D /* Debug */ = {
			isa = XCBuildConfiguration;
			buildSettings = {
				ALWAYS_SEARCH_USER_PATHS = NO;
				CLANG_ANALYZER_NONNULL = YES;
				CLANG_ANALYZER_NUMBER_OBJECT_CONVERSION = YES_AGGRESSIVE;
				CLANG_CXX_LANGUAGE_STANDARD = "gnu++14";
				CLANG_CXX_LIBRARY = "libc++";
				CLANG_ENABLE_MODULES = YES;
				CLANG_ENABLE_OBJC_ARC = YES;
				CLANG_ENABLE_OBJC_WEAK = YES;
				CLANG_WARN_BLOCK_CAPTURE_AUTORELEASING = YES;
				CLANG_WARN_BOOL_CONVERSION = YES;
				CLANG_WARN_COMMA = YES;
				CLANG_WARN_CONSTANT_CONVERSION = YES;
				CLANG_WARN_DEPRECATED_OBJC_IMPLEMENTATIONS = YES;
				CLANG_WARN_DIRECT_OBJC_ISA_USAGE = YES_ERROR;
				CLANG_WARN_DOCUMENTATION_COMMENTS = YES;
				CLANG_WARN_EMPTY_BODY = YES;
				CLANG_WARN_ENUM_CONVERSION = YES;
				CLANG_WARN_INFINITE_RECURSION = YES;
				CLANG_WARN_INT_CONVERSION = YES;
				CLANG_WARN_NON_LITERAL_NULL_CONVERSION = YES;
				CLANG_WARN_OBJC_IMPLICIT_RETAIN_SELF = YES;
				CLANG_WARN_OBJC_LITERAL_CONVERSION = YES;
				CLANG_WARN_OBJC_ROOT_CLASS = YES_ERROR;
				CLANG_WARN_QUOTED_INCLUDE_IN_FRAMEWORK_HEADER = YES;
				CLANG_WARN_RANGE_LOOP_ANALYSIS = YES;
				CLANG_WARN_STRICT_PROTOTYPES = YES;
				CLANG_WARN_SUSPICIOUS_MOVE = YES;
				CLANG_WARN_UNGUARDED_AVAILABILITY = YES_AGGRESSIVE;
				CLANG_WARN_UNREACHABLE_CODE = YES;
				CLANG_WARN__DUPLICATE_METHOD_MATCH = YES;
				COPY_PHASE_STRIP = NO;
				DEBUG_INFORMATION_FORMAT = dwarf;
				ENABLE_STRICT_OBJC_MSGSEND = YES;
				ENABLE_TESTABILITY = YES;
				GCC_C_LANGUAGE_STANDARD = gnu11;
				GCC_DYNAMIC_NO_PIC = NO;
				GCC_NO_COMMON_BLOCKS = YES;
				GCC_OPTIMIZATION_LEVEL = 0;
				GCC_PREPROCESSOR_DEFINITIONS = (
					"DEBUG=1",
					"$(inherited)",
				);
				GCC_WARN_64_TO_32_BIT_CONVERSION = YES;
				GCC_WARN_ABOUT_RETURN_TYPE = YES_ERROR;
				GCC_WARN_UNDECLARED_SELECTOR = YES;
				GCC_WARN_UNINITIALIZED_AUTOS = YES_AGGRESSIVE;
				GCC_WARN_UNUSED_FUNCTION = YES;
				GCC_WARN_UNUSED_VARIABLE = YES;
				IPHONEOS_DEPLOYMENT_TARGET = 14.2;
				MTL_ENABLE_DEBUG_INFO = INCLUDE_SOURCE;
				MTL_FAST_MATH = YES;
				ONLY_ACTIVE_ARCH = YES;
				SDKROOT = iphoneos;
				SWIFT_ACTIVE_COMPILATION_CONDITIONS = DEBUG;
				SWIFT_OPTIMIZATION_LEVEL = "-Onone";
			};
			name = Debug;
		};
		DCAED58C25AB49AD00F77A3D /* Release */ = {
			isa = XCBuildConfiguration;
			buildSettings = {
				ALWAYS_SEARCH_USER_PATHS = NO;
				CLANG_ANALYZER_NONNULL = YES;
				CLANG_ANALYZER_NUMBER_OBJECT_CONVERSION = YES_AGGRESSIVE;
				CLANG_CXX_LANGUAGE_STANDARD = "gnu++14";
				CLANG_CXX_LIBRARY = "libc++";
				CLANG_ENABLE_MODULES = YES;
				CLANG_ENABLE_OBJC_ARC = YES;
				CLANG_ENABLE_OBJC_WEAK = YES;
				CLANG_WARN_BLOCK_CAPTURE_AUTORELEASING = YES;
				CLANG_WARN_BOOL_CONVERSION = YES;
				CLANG_WARN_COMMA = YES;
				CLANG_WARN_CONSTANT_CONVERSION = YES;
				CLANG_WARN_DEPRECATED_OBJC_IMPLEMENTATIONS = YES;
				CLANG_WARN_DIRECT_OBJC_ISA_USAGE = YES_ERROR;
				CLANG_WARN_DOCUMENTATION_COMMENTS = YES;
				CLANG_WARN_EMPTY_BODY = YES;
				CLANG_WARN_ENUM_CONVERSION = YES;
				CLANG_WARN_INFINITE_RECURSION = YES;
				CLANG_WARN_INT_CONVERSION = YES;
				CLANG_WARN_NON_LITERAL_NULL_CONVERSION = YES;
				CLANG_WARN_OBJC_IMPLICIT_RETAIN_SELF = YES;
				CLANG_WARN_OBJC_LITERAL_CONVERSION = YES;
				CLANG_WARN_OBJC_ROOT_CLASS = YES_ERROR;
				CLANG_WARN_QUOTED_INCLUDE_IN_FRAMEWORK_HEADER = YES;
				CLANG_WARN_RANGE_LOOP_ANALYSIS = YES;
				CLANG_WARN_STRICT_PROTOTYPES = YES;
				CLANG_WARN_SUSPICIOUS_MOVE = YES;
				CLANG_WARN_UNGUARDED_AVAILABILITY = YES_AGGRESSIVE;
				CLANG_WARN_UNREACHABLE_CODE = YES;
				CLANG_WARN__DUPLICATE_METHOD_MATCH = YES;
				COPY_PHASE_STRIP = NO;
				DEBUG_INFORMATION_FORMAT = "dwarf-with-dsym";
				ENABLE_NS_ASSERTIONS = NO;
				ENABLE_STRICT_OBJC_MSGSEND = YES;
				GCC_C_LANGUAGE_STANDARD = gnu11;
				GCC_NO_COMMON_BLOCKS = YES;
				GCC_WARN_64_TO_32_BIT_CONVERSION = YES;
				GCC_WARN_ABOUT_RETURN_TYPE = YES_ERROR;
				GCC_WARN_UNDECLARED_SELECTOR = YES;
				GCC_WARN_UNINITIALIZED_AUTOS = YES_AGGRESSIVE;
				GCC_WARN_UNUSED_FUNCTION = YES;
				GCC_WARN_UNUSED_VARIABLE = YES;
				IPHONEOS_DEPLOYMENT_TARGET = 14.2;
				MTL_ENABLE_DEBUG_INFO = NO;
				MTL_FAST_MATH = YES;
				SDKROOT = iphoneos;
				SWIFT_COMPILATION_MODE = wholemodule;
				SWIFT_OPTIMIZATION_LEVEL = "-O";
				VALIDATE_PRODUCT = YES;
			};
			name = Release;
		};
		DCAED58E25AB49AD00F77A3D /* Debug */ = {
			isa = XCBuildConfiguration;
			buildSettings = {
				ASSETCATALOG_COMPILER_APPICON_NAME = AppIcon;
				ASSETCATALOG_COMPILER_GLOBAL_ACCENT_COLOR_NAME = AccentColor;
				CODE_SIGN_STYLE = Automatic;
				CURRENT_PROJECT_VERSION = 1.0;
				DEVELOPMENT_TEAM = 9SWVBX4853;
				INFOPLIST_FILE = MusicAll/Info.plist;
				LD_RUNPATH_SEARCH_PATHS = (
					"$(inherited)",
					"@executable_path/Frameworks",
				);
				PRODUCT_BUNDLE_IDENTIFIER = com.patryk.MusicAll;
				PRODUCT_NAME = "$(TARGET_NAME)";
				SWIFT_VERSION = 5.0;
				TARGETED_DEVICE_FAMILY = "1,2";
			};
			name = Debug;
		};
		DCAED58F25AB49AD00F77A3D /* Release */ = {
			isa = XCBuildConfiguration;
			buildSettings = {
				ASSETCATALOG_COMPILER_APPICON_NAME = AppIcon;
				ASSETCATALOG_COMPILER_GLOBAL_ACCENT_COLOR_NAME = AccentColor;
				CODE_SIGN_STYLE = Automatic;
				CURRENT_PROJECT_VERSION = 1.0;
				DEVELOPMENT_TEAM = 9SWVBX4853;
				INFOPLIST_FILE = MusicAll/Info.plist;
				LD_RUNPATH_SEARCH_PATHS = (
					"$(inherited)",
					"@executable_path/Frameworks",
				);
				PRODUCT_BUNDLE_IDENTIFIER = com.patryk.MusicAll;
				PRODUCT_NAME = "$(TARGET_NAME)";
				SWIFT_VERSION = 5.0;
				TARGETED_DEVICE_FAMILY = "1,2";
			};
			name = Release;
		};
/* End XCBuildConfiguration section */

/* Begin XCConfigurationList section */
		DCAED57425AB49AC00F77A3D /* Build configuration list for PBXProject "MusicAll" */ = {
			isa = XCConfigurationList;
			buildConfigurations = (
				DCAED58B25AB49AD00F77A3D /* Debug */,
				DCAED58C25AB49AD00F77A3D /* Release */,
			);
			defaultConfigurationIsVisible = 0;
			defaultConfigurationName = Release;
		};
		DCAED58D25AB49AD00F77A3D /* Build configuration list for PBXNativeTarget "MusicAll" */ = {
			isa = XCConfigurationList;
			buildConfigurations = (
				DCAED58E25AB49AD00F77A3D /* Debug */,
				DCAED58F25AB49AD00F77A3D /* Release */,
			);
			defaultConfigurationIsVisible = 0;
			defaultConfigurationName = Release;
		};
/* End XCConfigurationList section */
	};
	rootObject = DCAED57125AB49AC00F77A3D /* Project object */;
}
